
Microsoft Visual Studio Solution File, Format Version 12.00
# Visual Studio Version 17
VisualStudioVersion = 17.14.36310.24 d17.14
MinimumVisualStudioVersion = 10.0.40219.1
Project("{FAE04EC0-301F-11D3-BF4B-00C04F79EFBC}") = "Form_Dealer_Motor_Honda", "Form_Dealer_Motor_Honda\Form_Dealer_Motor_Honda.csproj", "{AA726D96-1CFC-4285-BBFB-9EC68E52F2C3}"
EndProject
Global
	GlobalSection(SolutionConfigurationPlatforms) = preSolution
		Debug|Any CPU = Debug|Any CPU
		Release|Any CPU = Release|Any CPU
	EndGlobalSection
	GlobalSection(ProjectConfigurationPlatforms) = postSolution
		{AA726D96-1CFC-4285-BBFB-9EC68E52F2C3}.Debug|Any CPU.ActiveCfg = Debug|Any CPU
		{AA726D96-1CFC-4285-BBFB-9EC68E52F2C3}.Debug|Any CPU.Build.0 = Debug|Any CPU
		{AA726D96-1CFC-4285-BBFB-9EC68E52F2C3}.Release|Any CPU.ActiveCfg = Release|Any CPU
		{AA726D96-1CFC-4285-BBFB-9EC68E52F2C3}.Release|Any CPU.Build.0 = Release|Any CPU
	EndGlobalSection
	GlobalSection(SolutionProperties) = preSolution
		HideSolutionNode = FALSE
	EndGlobalSection
	GlobalSection(ExtensibilityGlobals) = postSolution
		SolutionGuid = {79E53FB6-4ACB-4AD9-B27D-0EC8BA211C6C}
	EndGlobalSection
EndGlobal
